
Microsoft Visual Studio Solution File, Format Version 12.00
# Visual Studio Version 16
VisualStudioVersion = 16.0.31005.135
MinimumVisualStudioVersion = 10.0.40219.1
Project("{FAE04EC0-301F-11D3-BF4B-00C04F79EFBC}") = "ClothingCompanyKp", "ClothingCompanyKp.csproj", "{0D456ED3-0415-4320-85A1-8448EA198086}"
EndProject
Global
	GlobalSection(SolutionConfigurationPlatforms) = preSolution
		Debug|Any CPU = Debug|Any CPU
		Release|Any CPU = Release|Any CPU
	EndGlobalSection
	GlobalSection(ProjectConfigurationPlatforms) = postSolution
		{0D456ED3-0415-4320-85A1-8448EA198086}.Debug|Any CPU.ActiveCfg = Debug|Any CPU
		{0D456ED3-0415-4320-85A1-8448EA198086}.Debug|Any CPU.Build.0 = Debug|Any CPU
		{0D456ED3-0415-4320-85A1-8448EA198086}.Release|Any CPU.ActiveCfg = Release|Any CPU
		{0D456ED3-0415-4320-85A1-8448EA198086}.Release|Any CPU.Build.0 = Release|Any CPU
	EndGlobalSection
	GlobalSection(SolutionProperties) = preSolution
		HideSolutionNode = FALSE
	EndGlobalSection
	GlobalSection(ExtensibilityGlobals) = postSolution
		SolutionGuid = {42CAA52D-8F31-42DB-8471-79B5C85C9A0D}
	EndGlobalSection
EndGlobal
